// !$*UTF8*$!
{
	archiveVersion = 1;
	classes = {
	};
	objectVersion = 50;
	objects = {

/* Begin PBXBuildFile section */
		B0418B0826B1FDCB0018397D /* AppDelegate.swift in Sources */ = {isa = PBXBuildFile; fileRef = B0418B0726B1FDCB0018397D /* AppDelegate.swift */; };
		B0418B0A26B1FDCB0018397D /* SceneDelegate.swift in Sources */ = {isa = PBXBuildFile; fileRef = B0418B0926B1FDCB0018397D /* SceneDelegate.swift */; };
		B0418B0C26B1FDCB0018397D /* ViewController.swift in Sources */ = {isa = PBXBuildFile; fileRef = B0418B0B26B1FDCB0018397D /* ViewController.swift */; };
		B0418B1126B1FDCC0018397D /* Assets.xcassets in Resources */ = {isa = PBXBuildFile; fileRef = B0418B1026B1FDCC0018397D /* Assets.xcassets */; };
		B0418B1426B1FDCC0018397D /* LaunchScreen.storyboard in Resources */ = {isa = PBXBuildFile; fileRef = B0418B1226B1FDCC0018397D /* LaunchScreen.storyboard */; };
		B0418B1F26B1FDCC0018397D /* VipExemploTests.swift in Sources */ = {isa = PBXBuildFile; fileRef = B0418B1E26B1FDCC0018397D /* VipExemploTests.swift */; };
		B0418B2A26B1FDCC0018397D /* VipExemploUITests.swift in Sources */ = {isa = PBXBuildFile; fileRef = B0418B2926B1FDCC0018397D /* VipExemploUITests.swift */; };
		B0418B3C26B203AB0018397D /* TitleConfigurator.swift in Sources */ = {isa = PBXBuildFile; fileRef = B0418B3B26B203AB0018397D /* TitleConfigurator.swift */; };
		B0418B3E26B204210018397D /* TitlesView.swift in Sources */ = {isa = PBXBuildFile; fileRef = B0418B3D26B204210018397D /* TitlesView.swift */; };
		B0418B4026B20FD10018397D /* TitlesViewController.swift in Sources */ = {isa = PBXBuildFile; fileRef = B0418B3F26B20FD10018397D /* TitlesViewController.swift */; };
		B0418B4226B214750018397D /* TitlesInteractor.swift in Sources */ = {isa = PBXBuildFile; fileRef = B0418B4126B214750018397D /* TitlesInteractor.swift */; };
		B072A24826B2CB9200F02419 /* TitlesPresenter.swift in Sources */ = {isa = PBXBuildFile; fileRef = B072A24726B2CB9200F02419 /* TitlesPresenter.swift */; };
		B072A24E26B2DA0200F02419 /* TitlesRouter.swift in Sources */ = {isa = PBXBuildFile; fileRef = B072A24D26B2DA0100F02419 /* TitlesRouter.swift */; };
		B077890626B71AB2009DCB32 /* TitleDetailIteractor.swift in Sources */ = {isa = PBXBuildFile; fileRef = B077890526B71AB2009DCB32 /* TitleDetailIteractor.swift */; };
		B077890826B71AD1009DCB32 /* TitleDetailPresenter.swift in Sources */ = {isa = PBXBuildFile; fileRef = B077890726B71AD1009DCB32 /* TitleDetailPresenter.swift */; };
		B077890B26B721EB009DCB32 /* TitleService.swift in Sources */ = {isa = PBXBuildFile; fileRef = B077890A26B721EB009DCB32 /* TitleService.swift */; };
		B077890E26B85826009DCB32 /* Extensions.swift in Sources */ = {isa = PBXBuildFile; fileRef = B077890D26B85826009DCB32 /* Extensions.swift */; };
		B077891226B89CBD009DCB32 /* Model.xcdatamodeld in Sources */ = {isa = PBXBuildFile; fileRef = B077891026B89CBD009DCB32 /* Model.xcdatamodeld */; };
		B077891526B89D3F009DCB32 /* PersistentContainerProvider.swift in Sources */ = {isa = PBXBuildFile; fileRef = B077891426B89D3F009DCB32 /* PersistentContainerProvider.swift */; };
		B0AB1BF626B466A800A2CF6D /* TitleDetailConfigurator.swift in Sources */ = {isa = PBXBuildFile; fileRef = B0AB1BF526B466A800A2CF6D /* TitleDetailConfigurator.swift */; };
		B0AB1BF826B466CA00A2CF6D /* TitleDetailView.swift in Sources */ = {isa = PBXBuildFile; fileRef = B0AB1BF726B466CA00A2CF6D /* TitleDetailView.swift */; };
		B0AB1BFA26B48E9F00A2CF6D /* TitleDetailViewController.swift in Sources */ = {isa = PBXBuildFile; fileRef = B0AB1BF926B48E9F00A2CF6D /* TitleDetailViewController.swift */; };
/* End PBXBuildFile section */

/* Begin PBXContainerItemProxy section */
		B0418B1B26B1FDCC0018397D /* PBXContainerItemProxy */ = {
			isa = PBXContainerItemProxy;
			containerPortal = B0418AFC26B1FDCB0018397D /* Project object */;
			proxyType = 1;
			remoteGlobalIDString = B0418B0326B1FDCB0018397D;
			remoteInfo = VipExemplo;
		};
		B0418B2626B1FDCC0018397D /* PBXContainerItemProxy */ = {
			isa = PBXContainerItemProxy;
			containerPortal = B0418AFC26B1FDCB0018397D /* Project object */;
			proxyType = 1;
			remoteGlobalIDString = B0418B0326B1FDCB0018397D;
			remoteInfo = VipExemplo;
		};
/* End PBXContainerItemProxy section */

/* Begin PBXFileReference section */
		B0418B0426B1FDCB0018397D /* VipExemplo.app */ = {isa = PBXFileReference; explicitFileType = wrapper.application; includeInIndex = 0; path = VipExemplo.app; sourceTree = BUILT_PRODUCTS_DIR; };
		B0418B0726B1FDCB0018397D /* AppDelegate.swift */ = {isa = PBXFileReference; lastKnownFileType = sourcecode.swift; path = AppDelegate.swift; sourceTree = "<group>"; };
		B0418B0926B1FDCB0018397D /* SceneDelegate.swift */ = {isa = PBXFileReference; lastKnownFileType = sourcecode.swift; path = SceneDelegate.swift; sourceTree = "<group>"; };
		B0418B0B26B1FDCB0018397D /* ViewController.swift */ = {isa = PBXFileReference; lastKnownFileType = sourcecode.swift; path = ViewController.swift; sourceTree = "<group>"; };
		B0418B1026B1FDCC0018397D /* Assets.xcassets */ = {isa = PBXFileReference; lastKnownFileType = folder.assetcatalog; path = Assets.xcassets; sourceTree = "<group>"; };
		B0418B1326B1FDCC0018397D /* Base */ = {isa = PBXFileReference; lastKnownFileType = file.storyboard; name = Base; path = Base.lproj/LaunchScreen.storyboard; sourceTree = "<group>"; };
		B0418B1526B1FDCC0018397D /* Info.plist */ = {isa = PBXFileReference; lastKnownFileType = text.plist.xml; path = Info.plist; sourceTree = "<group>"; };
		B0418B1A26B1FDCC0018397D /* VipExemploTests.xctest */ = {isa = PBXFileReference; explicitFileType = wrapper.cfbundle; includeInIndex = 0; path = VipExemploTests.xctest; sourceTree = BUILT_PRODUCTS_DIR; };
		B0418B1E26B1FDCC0018397D /* VipExemploTests.swift */ = {isa = PBXFileReference; lastKnownFileType = sourcecode.swift; path = VipExemploTests.swift; sourceTree = "<group>"; };
		B0418B2026B1FDCC0018397D /* Info.plist */ = {isa = PBXFileReference; lastKnownFileType = text.plist.xml; path = Info.plist; sourceTree = "<group>"; };
		B0418B2526B1FDCC0018397D /* VipExemploUITests.xctest */ = {isa = PBXFileReference; explicitFileType = wrapper.cfbundle; includeInIndex = 0; path = VipExemploUITests.xctest; sourceTree = BUILT_PRODUCTS_DIR; };
		B0418B2926B1FDCC0018397D /* VipExemploUITests.swift */ = {isa = PBXFileReference; lastKnownFileType = sourcecode.swift; path = VipExemploUITests.swift; sourceTree = "<group>"; };
		B0418B2B26B1FDCC0018397D /* Info.plist */ = {isa = PBXFileReference; lastKnownFileType = text.plist.xml; path = Info.plist; sourceTree = "<group>"; };
		B0418B3B26B203AB0018397D /* TitleConfigurator.swift */ = {isa = PBXFileReference; lastKnownFileType = sourcecode.swift; path = TitleConfigurator.swift; sourceTree = "<group>"; };
		B0418B3D26B204210018397D /* TitlesView.swift */ = {isa = PBXFileReference; lastKnownFileType = sourcecode.swift; path = TitlesView.swift; sourceTree = "<group>"; };
		B0418B3F26B20FD10018397D /* TitlesViewController.swift */ = {isa = PBXFileReference; lastKnownFileType = sourcecode.swift; path = TitlesViewController.swift; sourceTree = "<group>"; };
		B0418B4126B214750018397D /* TitlesInteractor.swift */ = {isa = PBXFileReference; lastKnownFileType = sourcecode.swift; path = TitlesInteractor.swift; sourceTree = "<group>"; };
		B072A24726B2CB9200F02419 /* TitlesPresenter.swift */ = {isa = PBXFileReference; lastKnownFileType = sourcecode.swift; path = TitlesPresenter.swift; sourceTree = "<group>"; };
		B072A24D26B2DA0100F02419 /* TitlesRouter.swift */ = {isa = PBXFileReference; lastKnownFileType = sourcecode.swift; path = TitlesRouter.swift; sourceTree = "<group>"; };
		B077890526B71AB2009DCB32 /* TitleDetailIteractor.swift */ = {isa = PBXFileReference; lastKnownFileType = sourcecode.swift; path = TitleDetailIteractor.swift; sourceTree = "<group>"; };
		B077890726B71AD1009DCB32 /* TitleDetailPresenter.swift */ = {isa = PBXFileReference; lastKnownFileType = sourcecode.swift; path = TitleDetailPresenter.swift; sourceTree = "<group>"; };
		B077890A26B721EB009DCB32 /* TitleService.swift */ = {isa = PBXFileReference; lastKnownFileType = sourcecode.swift; path = TitleService.swift; sourceTree = "<group>"; };
		B077890D26B85826009DCB32 /* Extensions.swift */ = {isa = PBXFileReference; lastKnownFileType = sourcecode.swift; path = Extensions.swift; sourceTree = "<group>"; };
		B077891126B89CBD009DCB32 /* Model.xcdatamodel */ = {isa = PBXFileReference; lastKnownFileType = wrapper.xcdatamodel; path = Model.xcdatamodel; sourceTree = "<group>"; };
		B077891426B89D3F009DCB32 /* PersistentContainerProvider.swift */ = {isa = PBXFileReference; lastKnownFileType = sourcecode.swift; path = PersistentContainerProvider.swift; sourceTree = "<group>"; };
		B0AB1BF526B466A800A2CF6D /* TitleDetailConfigurator.swift */ = {isa = PBXFileReference; lastKnownFileType = sourcecode.swift; path = TitleDetailConfigurator.swift; sourceTree = "<group>"; };
		B0AB1BF726B466CA00A2CF6D /* TitleDetailView.swift */ = {isa = PBXFileReference; lastKnownFileType = sourcecode.swift; path = TitleDetailView.swift; sourceTree = "<group>"; };
		B0AB1BF926B48E9F00A2CF6D /* TitleDetailViewController.swift */ = {isa = PBXFileReference; lastKnownFileType = sourcecode.swift; path = TitleDetailViewController.swift; sourceTree = "<group>"; };
/* End PBXFileReference section */

/* Begin PBXFrameworksBuildPhase section */
		B0418B0126B1FDCB0018397D /* Frameworks */ = {
			isa = PBXFrameworksBuildPhase;
			buildActionMask = 2147483647;
			files = (
			);
			runOnlyForDeploymentPostprocessing = 0;
		};
		B0418B1726B1FDCC0018397D /* Frameworks */ = {
			isa = PBXFrameworksBuildPhase;
			buildActionMask = 2147483647;
			files = (
			);
			runOnlyForDeploymentPostprocessing = 0;
		};
		B0418B2226B1FDCC0018397D /* Frameworks */ = {
			isa = PBXFrameworksBuildPhase;
			buildActionMask = 2147483647;
			files = (
			);
			runOnlyForDeploymentPostprocessing = 0;
		};
/* End PBXFrameworksBuildPhase section */

/* Begin PBXGroup section */
		B0418AFB26B1FDCB0018397D = {
			isa = PBXGroup;
			children = (
				B0418B0626B1FDCB0018397D /* VipExemplo */,
				B0418B1D26B1FDCC0018397D /* VipExemploTests */,
				B0418B2826B1FDCC0018397D /* VipExemploUITests */,
				B0418B0526B1FDCB0018397D /* Products */,
			);
			sourceTree = "<group>";
		};
		B0418B0526B1FDCB0018397D /* Products */ = {
			isa = PBXGroup;
			children = (
				B0418B0426B1FDCB0018397D /* VipExemplo.app */,
				B0418B1A26B1FDCC0018397D /* VipExemploTests.xctest */,
				B0418B2526B1FDCC0018397D /* VipExemploUITests.xctest */,
			);
			name = Products;
			sourceTree = "<group>";
		};
		B0418B0626B1FDCB0018397D /* VipExemplo */ = {
			isa = PBXGroup;
			children = (
				B077891326B89D22009DCB32 /* Storage */,
				B072A24926B2CD4300F02419 /* BusinessLogicLayer */,
				B0418B3826B202FD0018397D /* PresentationLayer */,
				B0418B3726B202C50018397D /* ApplicationLayer */,
				B0418B0B26B1FDCB0018397D /* ViewController.swift */,
				B0418B1026B1FDCC0018397D /* Assets.xcassets */,
				B0418B1226B1FDCC0018397D /* LaunchScreen.storyboard */,
				B0418B1526B1FDCC0018397D /* Info.plist */,
			);
			path = VipExemplo;
			sourceTree = "<group>";
		};
		B0418B1D26B1FDCC0018397D /* VipExemploTests */ = {
			isa = PBXGroup;
			children = (
				B0418B1E26B1FDCC0018397D /* VipExemploTests.swift */,
				B0418B2026B1FDCC0018397D /* Info.plist */,
			);
			path = VipExemploTests;
			sourceTree = "<group>";
		};
		B0418B2826B1FDCC0018397D /* VipExemploUITests */ = {
			isa = PBXGroup;
			children = (
				B0418B2926B1FDCC0018397D /* VipExemploUITests.swift */,
				B0418B2B26B1FDCC0018397D /* Info.plist */,
			);
			path = VipExemploUITests;
			sourceTree = "<group>";
		};
		B0418B3726B202C50018397D /* ApplicationLayer */ = {
			isa = PBXGroup;
			children = (
				B0418B0926B1FDCB0018397D /* SceneDelegate.swift */,
				B0418B0726B1FDCB0018397D /* AppDelegate.swift */,
			);
			path = ApplicationLayer;
			sourceTree = "<group>";
		};
		B0418B3826B202FD0018397D /* PresentationLayer */ = {
			isa = PBXGroup;
			children = (
				B0418B3926B2035D0018397D /* Modules */,
			);
			path = PresentationLayer;
			sourceTree = "<group>";
		};
		B0418B3926B2035D0018397D /* Modules */ = {
			isa = PBXGroup;
			children = (
				B077890C26B857EA009DCB32 /* Commom */,
				B0AB1BF426B4647500A2CF6D /* TitleDetail */,
				B0418B3A26B203710018397D /* Title */,
			);
			path = Modules;
			sourceTree = "<group>";
		};
		B0418B3A26B203710018397D /* Title */ = {
			isa = PBXGroup;
			children = (
				B0418B3B26B203AB0018397D /* TitleConfigurator.swift */,
				B0418B3D26B204210018397D /* TitlesView.swift */,
				B0418B3F26B20FD10018397D /* TitlesViewController.swift */,
				B0418B4126B214750018397D /* TitlesInteractor.swift */,
				B072A24726B2CB9200F02419 /* TitlesPresenter.swift */,
				B072A24D26B2DA0100F02419 /* TitlesRouter.swift */,
			);
			path = Title;
			sourceTree = "<group>";
		};
		B072A24926B2CD4300F02419 /* BusinessLogicLayer */ = {
			isa = PBXGroup;
			children = (
				B077890F26B89C9B009DCB32 /* Entities */,
				B077890926B721D7009DCB32 /* Services */,
			);
			path = BusinessLogicLayer;
			sourceTree = "<group>";
		};
		B077890926B721D7009DCB32 /* Services */ = {
			isa = PBXGroup;
			children = (
				B077890A26B721EB009DCB32 /* TitleService.swift */,
			);
			path = Services;
			sourceTree = "<group>";
		};
		B077890C26B857EA009DCB32 /* Commom */ = {
			isa = PBXGroup;
			children = (
				B077890D26B85826009DCB32 /* Extensions.swift */,
			);
			path = Commom;
			sourceTree = "<group>";
		};
		B077890F26B89C9B009DCB32 /* Entities */ = {
			isa = PBXGroup;
			children = (
				B077891026B89CBD009DCB32 /* Model.xcdatamodeld */,
			);
			path = Entities;
			sourceTree = "<group>";
		};
		B077891326B89D22009DCB32 /* Storage */ = {
			isa = PBXGroup;
			children = (
				B077891426B89D3F009DCB32 /* PersistentContainerProvider.swift */,
			);
			path = Storage;
			sourceTree = "<group>";
		};
		B0AB1BF426B4647500A2CF6D /* TitleDetail */ = {
			isa = PBXGroup;
			children = (
				B0AB1BF526B466A800A2CF6D /* TitleDetailConfigurator.swift */,
				B0AB1BF726B466CA00A2CF6D /* TitleDetailView.swift */,
				B0AB1BF926B48E9F00A2CF6D /* TitleDetailViewController.swift */,
				B077890526B71AB2009DCB32 /* TitleDetailIteractor.swift */,
				B077890726B71AD1009DCB32 /* TitleDetailPresenter.swift */,
			);
			path = TitleDetail;
			sourceTree = "<group>";
		};
/* End PBXGroup section */

/* Begin PBXNativeTarget section */
		B0418B0326B1FDCB0018397D /* VipExemplo */ = {
			isa = PBXNativeTarget;
			buildConfigurationList = B0418B2E26B1FDCD0018397D /* Build configuration list for PBXNativeTarget "VipExemplo" */;
			buildPhases = (
				B0418B0026B1FDCB0018397D /* Sources */,
				B0418B0126B1FDCB0018397D /* Frameworks */,
				B0418B0226B1FDCB0018397D /* Resources */,
			);
			buildRules = (
			);
			dependencies = (
			);
			name = VipExemplo;
			productName = VipExemplo;
			productReference = B0418B0426B1FDCB0018397D /* VipExemplo.app */;
			productType = "com.apple.product-type.application";
		};
		B0418B1926B1FDCC0018397D /* VipExemploTests */ = {
			isa = PBXNativeTarget;
			buildConfigurationList = B0418B3126B1FDCD0018397D /* Build configuration list for PBXNativeTarget "VipExemploTests" */;
			buildPhases = (
				B0418B1626B1FDCC0018397D /* Sources */,
				B0418B1726B1FDCC0018397D /* Frameworks */,
				B0418B1826B1FDCC0018397D /* Resources */,
			);
			buildRules = (
			);
			dependencies = (
				B0418B1C26B1FDCC0018397D /* PBXTargetDependency */,
			);
			name = VipExemploTests;
			productName = VipExemploTests;
			productReference = B0418B1A26B1FDCC0018397D /* VipExemploTests.xctest */;
			productType = "com.apple.product-type.bundle.unit-test";
		};
		B0418B2426B1FDCC0018397D /* VipExemploUITests */ = {
			isa = PBXNativeTarget;
			buildConfigurationList = B0418B3426B1FDCD0018397D /* Build configuration list for PBXNativeTarget "VipExemploUITests" */;
			buildPhases = (
				B0418B2126B1FDCC0018397D /* Sources */,
				B0418B2226B1FDCC0018397D /* Frameworks */,
				B0418B2326B1FDCC0018397D /* Resources */,
			);
			buildRules = (
			);
			dependencies = (
				B0418B2726B1FDCC0018397D /* PBXTargetDependency */,
			);
			name = VipExemploUITests;
			productName = VipExemploUITests;
			productReference = B0418B2526B1FDCC0018397D /* VipExemploUITests.xctest */;
			productType = "com.apple.product-type.bundle.ui-testing";
		};
/* End PBXNativeTarget section */

/* Begin PBXProject section */
		B0418AFC26B1FDCB0018397D /* Project object */ = {
			isa = PBXProject;
			attributes = {
				LastSwiftUpdateCheck = 1250;
				LastUpgradeCheck = 1250;
				TargetAttributes = {
					B0418B0326B1FDCB0018397D = {
						CreatedOnToolsVersion = 12.5.1;
					};
					B0418B1926B1FDCC0018397D = {
						CreatedOnToolsVersion = 12.5.1;
						TestTargetID = B0418B0326B1FDCB0018397D;
					};
					B0418B2426B1FDCC0018397D = {
						CreatedOnToolsVersion = 12.5.1;
						TestTargetID = B0418B0326B1FDCB0018397D;
					};
				};
			};
			buildConfigurationList = B0418AFF26B1FDCB0018397D /* Build configuration list for PBXProject "VipExemplo" */;
			compatibilityVersion = "Xcode 9.3";
			developmentRegion = en;
			hasScannedForEncodings = 0;
			knownRegions = (
				en,
				Base,
			);
			mainGroup = B0418AFB26B1FDCB0018397D;
			productRefGroup = B0418B0526B1FDCB0018397D /* Products */;
			projectDirPath = "";
			projectRoot = "";
			targets = (
				B0418B0326B1FDCB0018397D /* VipExemplo */,
				B0418B1926B1FDCC0018397D /* VipExemploTests */,
				B0418B2426B1FDCC0018397D /* VipExemploUITests */,
			);
		};
/* End PBXProject section */

/* Begin PBXResourcesBuildPhase section */
		B0418B0226B1FDCB0018397D /* Resources */ = {
			isa = PBXResourcesBuildPhase;
			buildActionMask = 2147483647;
			files = (
				B0418B1426B1FDCC0018397D /* LaunchScreen.storyboard in Resources */,
				B0418B1126B1FDCC0018397D /* Assets.xcassets in Resources */,
			);
			runOnlyForDeploymentPostprocessing = 0;
		};
		B0418B1826B1FDCC0018397D /* Resources */ = {
			isa = PBXResourcesBuildPhase;
			buildActionMask = 2147483647;
			files = (
			);
			runOnlyForDeploymentPostprocessing = 0;
		};
		B0418B2326B1FDCC0018397D /* Resources */ = {
			isa = PBXResourcesBuildPhase;
			buildActionMask = 2147483647;
			files = (
			);
			runOnlyForDeploymentPostprocessing = 0;
		};
/* End PBXResourcesBuildPhase section */

/* Begin PBXSourcesBuildPhase section */
		B0418B0026B1FDCB0018397D /* Sources */ = {
			isa = PBXSourcesBuildPhase;
			buildActionMask = 2147483647;
			files = (
				B077890B26B721EB009DCB32 /* TitleService.swift in Sources */,
				B0AB1BF826B466CA00A2CF6D /* TitleDetailView.swift in Sources */,
				B077891526B89D3F009DCB32 /* PersistentContainerProvider.swift in Sources */,
				B0418B0C26B1FDCB0018397D /* ViewController.swift in Sources */,
				B0AB1BF626B466A800A2CF6D /* TitleDetailConfigurator.swift in Sources */,
				B077891226B89CBD009DCB32 /* Model.xcdatamodeld in Sources */,
				B077890826B71AD1009DCB32 /* TitleDetailPresenter.swift in Sources */,
				B0418B0826B1FDCB0018397D /* AppDelegate.swift in Sources */,
				B077890626B71AB2009DCB32 /* TitleDetailIteractor.swift in Sources */,
				B072A24E26B2DA0200F02419 /* TitlesRouter.swift in Sources */,
				B0418B0A26B1FDCB0018397D /* SceneDelegate.swift in Sources */,
				B0418B4026B20FD10018397D /* TitlesViewController.swift in Sources */,
				B0418B3E26B204210018397D /* TitlesView.swift in Sources */,
				B072A24826B2CB9200F02419 /* TitlesPresenter.swift in Sources */,
				B0418B3C26B203AB0018397D /* TitleConfigurator.swift in Sources */,
				B077890E26B85826009DCB32 /* Extensions.swift in Sources */,
				B0AB1BFA26B48E9F00A2CF6D /* TitleDetailViewController.swift in Sources */,
				B0418B4226B214750018397D /* TitlesInteractor.swift in Sources */,
			);
			runOnlyForDeploymentPostprocessing = 0;
		};
		B0418B1626B1FDCC0018397D /* Sources */ = {
			isa = PBXSourcesBuildPhase;
			buildActionMask = 2147483647;
			files = (
				B0418B1F26B1FDCC0018397D /* VipExemploTests.swift in Sources */,
			);
			runOnlyForDeploymentPostprocessing = 0;
		};
		B0418B2126B1FDCC0018397D /* Sources */ = {
			isa = PBXSourcesBuildPhase;
			buildActionMask = 2147483647;
			files = (
				B0418B2A26B1FDCC0018397D /* VipExemploUITests.swift in Sources */,
			);
			runOnlyForDeploymentPostprocessing = 0;
		};
/* End PBXSourcesBuildPhase section */

/* Begin PBXTargetDependency section */
		B0418B1C26B1FDCC0018397D /* PBXTargetDependency */ = {
			isa = PBXTargetDependency;
			target = B0418B0326B1FDCB0018397D /* VipExemplo */;
			targetProxy = B0418B1B26B1FDCC0018397D /* PBXContainerItemProxy */;
		};
		B0418B2726B1FDCC0018397D /* PBXTargetDependency */ = {
			isa = PBXTargetDependency;
			target = B0418B0326B1FDCB0018397D /* VipExemplo */;
			targetProxy = B0418B2626B1FDCC0018397D /* PBXContainerItemProxy */;
		};
/* End PBXTargetDependency section */

/* Begin PBXVariantGroup section */
		B0418B1226B1FDCC0018397D /* LaunchScreen.storyboard */ = {
			isa = PBXVariantGroup;
			children = (
				B0418B1326B1FDCC0018397D /* Base */,
			);
			name = LaunchScreen.storyboard;
			sourceTree = "<group>";
		};
/* End PBXVariantGroup section */

/* Begin XCBuildConfiguration section */
		B0418B2C26B1FDCC0018397D /* Debug */ = {
			isa = XCBuildConfiguration;
			buildSettings = {
				ALWAYS_SEARCH_USER_PATHS = NO;
				CLANG_ANALYZER_NONNULL = YES;
				CLANG_ANALYZER_NUMBER_OBJECT_CONVERSION = YES_AGGRESSIVE;
				CLANG_CXX_LANGUAGE_STANDARD = "gnu++14";
				CLANG_CXX_LIBRARY = "libc++";
				CLANG_ENABLE_MODULES = YES;
				CLANG_ENABLE_OBJC_ARC = YES;
				CLANG_ENABLE_OBJC_WEAK = YES;
				CLANG_WARN_BLOCK_CAPTURE_AUTORELEASING = YES;
				CLANG_WARN_BOOL_CONVERSION = YES;
				CLANG_WARN_COMMA = YES;
				CLANG_WARN_CONSTANT_CONVERSION = YES;
				CLANG_WARN_DEPRECATED_OBJC_IMPLEMENTATIONS = YES;
				CLANG_WARN_DIRECT_OBJC_ISA_USAGE = YES_ERROR;
				CLANG_WARN_DOCUMENTATION_COMMENTS = YES;
				CLANG_WARN_EMPTY_BODY = YES;
				CLANG_WARN_ENUM_CONVERSION = YES;
				CLANG_WARN_INFINITE_RECURSION = YES;
				CLANG_WARN_INT_CONVERSION = YES;
				CLANG_WARN_NON_LITERAL_NULL_CONVERSION = YES;
				CLANG_WARN_OBJC_IMPLICIT_RETAIN_SELF = YES;
				CLANG_WARN_OBJC_LITERAL_CONVERSION = YES;
				CLANG_WARN_OBJC_ROOT_CLASS = YES_ERROR;
				CLANG_WARN_QUOTED_INCLUDE_IN_FRAMEWORK_HEADER = YES;
				CLANG_WARN_RANGE_LOOP_ANALYSIS = YES;
				CLANG_WARN_STRICT_PROTOTYPES = YES;
				CLANG_WARN_SUSPICIOUS_MOVE = YES;
				CLANG_WARN_UNGUARDED_AVAILABILITY = YES_AGGRESSIVE;
				CLANG_WARN_UNREACHABLE_CODE = YES;
				CLANG_WARN__DUPLICATE_METHOD_MATCH = YES;
				COPY_PHASE_STRIP = NO;
				DEBUG_INFORMATION_FORMAT = dwarf;
				ENABLE_STRICT_OBJC_MSGSEND = YES;
				ENABLE_TESTABILITY = YES;
				GCC_C_LANGUAGE_STANDARD = gnu11;
				GCC_DYNAMIC_NO_PIC = NO;
				GCC_NO_COMMON_BLOCKS = YES;
				GCC_OPTIMIZATION_LEVEL = 0;
				GCC_PREPROCESSOR_DEFINITIONS = (
					"DEBUG=1",
					"$(inherited)",
				);
				GCC_WARN_64_TO_32_BIT_CONVERSION = YES;
				GCC_WARN_ABOUT_RETURN_TYPE = YES_ERROR;
				GCC_WARN_UNDECLARED_SELECTOR = YES;
				GCC_WARN_UNINITIALIZED_AUTOS = YES_AGGRESSIVE;
				GCC_WARN_UNUSED_FUNCTION = YES;
				GCC_WARN_UNUSED_VARIABLE = YES;
				IPHONEOS_DEPLOYMENT_TARGET = 14.5;
				MTL_ENABLE_DEBUG_INFO = INCLUDE_SOURCE;
				MTL_FAST_MATH = YES;
				ONLY_ACTIVE_ARCH = YES;
				SDKROOT = iphoneos;
				SWIFT_ACTIVE_COMPILATION_CONDITIONS = DEBUG;
				SWIFT_OPTIMIZATION_LEVEL = "-Onone";
			};
			name = Debug;
		};
		B0418B2D26B1FDCC0018397D /* Release */ = {
			isa = XCBuildConfiguration;
			buildSettings = {
				ALWAYS_SEARCH_USER_PATHS = NO;
				CLANG_ANALYZER_NONNULL = YES;
				CLANG_ANALYZER_NUMBER_OBJECT_CONVERSION = YES_AGGRESSIVE;
				CLANG_CXX_LANGUAGE_STANDARD = "gnu++14";
				CLANG_CXX_LIBRARY = "libc++";
				CLANG_ENABLE_MODULES = YES;
				CLANG_ENABLE_OBJC_ARC = YES;
				CLANG_ENABLE_OBJC_WEAK = YES;
				CLANG_WARN_BLOCK_CAPTURE_AUTORELEASING = YES;
				CLANG_WARN_BOOL_CONVERSION = YES;
				CLANG_WARN_COMMA = YES;
				CLANG_WARN_CONSTANT_CONVERSION = YES;
				CLANG_WARN_DEPRECATED_OBJC_IMPLEMENTATIONS = YES;
				CLANG_WARN_DIRECT_OBJC_ISA_USAGE = YES_ERROR;
				CLANG_WARN_DOCUMENTATION_COMMENTS = YES;
				CLANG_WARN_EMPTY_BODY = YES;
				CLANG_WARN_ENUM_CONVERSION = YES;
				CLANG_WARN_INFINITE_RECURSION = YES;
				CLANG_WARN_INT_CONVERSION = YES;
				CLANG_WARN_NON_LITERAL_NULL_CONVERSION = YES;
				CLANG_WARN_OBJC_IMPLICIT_RETAIN_SELF = YES;
				CLANG_WARN_OBJC_LITERAL_CONVERSION = YES;
				CLANG_WARN_OBJC_ROOT_CLASS = YES_ERROR;
				CLANG_WARN_QUOTED_INCLUDE_IN_FRAMEWORK_HEADER = YES;
				CLANG_WARN_RANGE_LOOP_ANALYSIS = YES;
				CLANG_WARN_STRICT_PROTOTYPES = YES;
				CLANG_WARN_SUSPICIOUS_MOVE = YES;
				CLANG_WARN_UNGUARDED_AVAILABILITY = YES_AGGRESSIVE;
				CLANG_WARN_UNREACHABLE_CODE = YES;
				CLANG_WARN__DUPLICATE_METHOD_MATCH = YES;
				COPY_PHASE_STRIP = NO;
				DEBUG_INFORMATION_FORMAT = "dwarf-with-dsym";
				ENABLE_NS_ASSERTIONS = NO;
				ENABLE_STRICT_OBJC_MSGSEND = YES;
				GCC_C_LANGUAGE_STANDARD = gnu11;
				GCC_NO_COMMON_BLOCKS = YES;
				GCC_WARN_64_TO_32_BIT_CONVERSION = YES;
				GCC_WARN_ABOUT_RETURN_TYPE = YES_ERROR;
				GCC_WARN_UNDECLARED_SELECTOR = YES;
				GCC_WARN_UNINITIALIZED_AUTOS = YES_AGGRESSIVE;
				GCC_WARN_UNUSED_FUNCTION = YES;
				GCC_WARN_UNUSED_VARIABLE = YES;
				IPHONEOS_DEPLOYMENT_TARGET = 14.5;
				MTL_ENABLE_DEBUG_INFO = NO;
				MTL_FAST_MATH = YES;
				SDKROOT = iphoneos;
				SWIFT_COMPILATION_MODE = wholemodule;
				SWIFT_OPTIMIZATION_LEVEL = "-O";
				VALIDATE_PRODUCT = YES;
			};
			name = Release;
		};
		B0418B2F26B1FDCD0018397D /* Debug */ = {
			isa = XCBuildConfiguration;
			buildSettings = {
				ASSETCATALOG_COMPILER_APPICON_NAME = AppIcon;
				ASSETCATALOG_COMPILER_GLOBAL_ACCENT_COLOR_NAME = AccentColor;
				CODE_SIGN_STYLE = Automatic;
				INFOPLIST_FILE = VipExemplo/Info.plist;
				LD_RUNPATH_SEARCH_PATHS = (
					"$(inherited)",
					"@executable_path/Frameworks",
				);
				PRODUCT_BUNDLE_IDENTIFIER = br.com.mauricio.VipExemplo;
				PRODUCT_NAME = "$(TARGET_NAME)";
				SWIFT_VERSION = 5.0;
				TARGETED_DEVICE_FAMILY = "1,2";
			};
			name = Debug;
		};
		B0418B3026B1FDCD0018397D /* Release */ = {
			isa = XCBuildConfiguration;
			buildSettings = {
				ASSETCATALOG_COMPILER_APPICON_NAME = AppIcon;
				ASSETCATALOG_COMPILER_GLOBAL_ACCENT_COLOR_NAME = AccentColor;
				CODE_SIGN_STYLE = Automatic;
				INFOPLIST_FILE = VipExemplo/Info.plist;
				LD_RUNPATH_SEARCH_PATHS = (
					"$(inherited)",
					"@executable_path/Frameworks",
				);
				PRODUCT_BUNDLE_IDENTIFIER = br.com.mauricio.VipExemplo;
				PRODUCT_NAME = "$(TARGET_NAME)";
				SWIFT_VERSION = 5.0;
				TARGETED_DEVICE_FAMILY = "1,2";
			};
			name = Release;
		};
		B0418B3226B1FDCD0018397D /* Debug */ = {
			isa = XCBuildConfiguration;
			buildSettings = {
				ALWAYS_EMBED_SWIFT_STANDARD_LIBRARIES = YES;
				BUNDLE_LOADER = "$(TEST_HOST)";
				CODE_SIGN_STYLE = Automatic;
				INFOPLIST_FILE = VipExemploTests/Info.plist;
				IPHONEOS_DEPLOYMENT_TARGET = 14.5;
				LD_RUNPATH_SEARCH_PATHS = (
					"$(inherited)",
					"@executable_path/Frameworks",
					"@loader_path/Frameworks",
				);
				PRODUCT_BUNDLE_IDENTIFIER = br.com.mauricio.VipExemploTests;
				PRODUCT_NAME = "$(TARGET_NAME)";
				SWIFT_VERSION = 5.0;
				TARGETED_DEVICE_FAMILY = "1,2";
				TEST_HOST = "$(BUILT_PRODUCTS_DIR)/VipExemplo.app/VipExemplo";
			};
			name = Debug;
		};
		B0418B3326B1FDCD0018397D /* Release */ = {
			isa = XCBuildConfiguration;
			buildSettings = {
				ALWAYS_EMBED_SWIFT_STANDARD_LIBRARIES = YES;
				BUNDLE_LOADER = "$(TEST_HOST)";
				CODE_SIGN_STYLE = Automatic;
				INFOPLIST_FILE = VipExemploTests/Info.plist;
				IPHONEOS_DEPLOYMENT_TARGET = 14.5;
				LD_RUNPATH_SEARCH_PATHS = (
					"$(inherited)",
					"@executable_path/Frameworks",
					"@loader_path/Frameworks",
				);
				PRODUCT_BUNDLE_IDENTIFIER = br.com.mauricio.VipExemploTests;
				PRODUCT_NAME = "$(TARGET_NAME)";
				SWIFT_VERSION = 5.0;
				TARGETED_DEVICE_FAMILY = "1,2";
				TEST_HOST = "$(BUILT_PRODUCTS_DIR)/VipExemplo.app/VipExemplo";
			};
			name = Release;
		};
		B0418B3526B1FDCD0018397D /* Debug */ = {
			isa = XCBuildConfiguration;
			buildSettings = {
				ALWAYS_EMBED_SWIFT_STANDARD_LIBRARIES = YES;
				CODE_SIGN_STYLE = Automatic;
				INFOPLIST_FILE = VipExemploUITests/Info.plist;
				LD_RUNPATH_SEARCH_PATHS = (
					"$(inherited)",
					"@executable_path/Frameworks",
					"@loader_path/Frameworks",
				);
				PRODUCT_BUNDLE_IDENTIFIER = br.com.mauricio.VipExemploUITests;
				PRODUCT_NAME = "$(TARGET_NAME)";
				SWIFT_VERSION = 5.0;
				TARGETED_DEVICE_FAMILY = "1,2";
				TEST_TARGET_NAME = VipExemplo;
			};
			name = Debug;
		};
		B0418B3626B1FDCD0018397D /* Release */ = {
			isa = XCBuildConfiguration;
			buildSettings = {
				ALWAYS_EMBED_SWIFT_STANDARD_LIBRARIES = YES;
				CODE_SIGN_STYLE = Automatic;
				INFOPLIST_FILE = VipExemploUITests/Info.plist;
				LD_RUNPATH_SEARCH_PATHS = (
					"$(inherited)",
					"@executable_path/Frameworks",
					"@loader_path/Frameworks",
				);
				PRODUCT_BUNDLE_IDENTIFIER = br.com.mauricio.VipExemploUITests;
				PRODUCT_NAME = "$(TARGET_NAME)";
				SWIFT_VERSION = 5.0;
				TARGETED_DEVICE_FAMILY = "1,2";
				TEST_TARGET_NAME = VipExemplo;
			};
			name = Release;
		};
/* End XCBuildConfiguration section */

/* Begin XCConfigurationList section */
		B0418AFF26B1FDCB0018397D /* Build configuration list for PBXProject "VipExemplo" */ = {
			isa = XCConfigurationList;
			buildConfigurations = (
				B0418B2C26B1FDCC0018397D /* Debug */,
				B0418B2D26B1FDCC0018397D /* Release */,
			);
			defaultConfigurationIsVisible = 0;
			defaultConfigurationName = Release;
		};
		B0418B2E26B1FDCD0018397D /* Build configuration list for PBXNativeTarget "VipExemplo" */ = {
			isa = XCConfigurationList;
			buildConfigurations = (
				B0418B2F26B1FDCD0018397D /* Debug */,
				B0418B3026B1FDCD0018397D /* Release */,
			);
			defaultConfigurationIsVisible = 0;
			defaultConfigurationName = Release;
		};
		B0418B3126B1FDCD0018397D /* Build configuration list for PBXNativeTarget "VipExemploTests" */ = {
			isa = XCConfigurationList;
			buildConfigurations = (
				B0418B3226B1FDCD0018397D /* Debug */,
				B0418B3326B1FDCD0018397D /* Release */,
			);
			defaultConfigurationIsVisible = 0;
			defaultConfigurationName = Release;
		};
		B0418B3426B1FDCD0018397D /* Build configuration list for PBXNativeTarget "VipExemploUITests" */ = {
			isa = XCConfigurationList;
			buildConfigurations = (
				B0418B3526B1FDCD0018397D /* Debug */,
				B0418B3626B1FDCD0018397D /* Release */,
			);
			defaultConfigurationIsVisible = 0;
			defaultConfigurationName = Release;
		};
/* End XCConfigurationList section */

/* Begin XCVersionGroup section */
		B077891026B89CBD009DCB32 /* Model.xcdatamodeld */ = {
			isa = XCVersionGroup;
			children = (
				B077891126B89CBD009DCB32 /* Model.xcdatamodel */,
			);
			currentVersion = B077891126B89CBD009DCB32 /* Model.xcdatamodel */;
			path = Model.xcdatamodeld;
			sourceTree = "<group>";
			versionGroupType = wrapper.xcdatamodel;
		};
/* End XCVersionGroup section */
	};
	rootObject = B0418AFC26B1FDCB0018397D /* Project object */;
}
